// !$*UTF8*$!
{
	archiveVersion = 1;
	classes = {
	};
	objectVersion = 56;
	objects = {

/* Begin PBXBuildFile section */
		E036056A28DE38DE00647205 /* Hack0922App.swift in Sources */ = {isa = PBXBuildFile; fileRef = E036056928DE38DE00647205 /* Hack0922App.swift */; };
		E036056C28DE38DE00647205 /* Oracul.swift in Sources */ = {isa = PBXBuildFile; fileRef = E036056B28DE38DE00647205 /* Oracul.swift */; };
		E036056E28DE38E000647205 /* Assets.xcassets in Resources */ = {isa = PBXBuildFile; fileRef = E036056D28DE38E000647205 /* Assets.xcassets */; };
		E036057128DE38E000647205 /* Preview Assets.xcassets in Resources */ = {isa = PBXBuildFile; fileRef = E036057028DE38E000647205 /* Preview Assets.xcassets */; };
		E036057B28DE38E100647205 /* Hack0922Tests.swift in Sources */ = {isa = PBXBuildFile; fileRef = E036057A28DE38E100647205 /* Hack0922Tests.swift */; };
		E036058528DE38E100647205 /* Hack0922UITests.swift in Sources */ = {isa = PBXBuildFile; fileRef = E036058428DE38E100647205 /* Hack0922UITests.swift */; };
		E036058728DE38E100647205 /* Hack0922UITestsLaunchTests.swift in Sources */ = {isa = PBXBuildFile; fileRef = E036058628DE38E100647205 /* Hack0922UITestsLaunchTests.swift */; };
		E0565CCE28DE8436002FA274 /* Launchpad.swift in Sources */ = {isa = PBXBuildFile; fileRef = E0565CCD28DE8436002FA274 /* Launchpad.swift */; };
		E0565CD028DE86C5002FA274 /* ContentView.swift in Sources */ = {isa = PBXBuildFile; fileRef = E0565CCF28DE86C5002FA274 /* ContentView.swift */; };
		E0565CD228DF3860002FA274 /* JSONHelpers.swift in Sources */ = {isa = PBXBuildFile; fileRef = E0565CD128DF3860002FA274 /* JSONHelpers.swift */; };
		E0F00A1B28DF48D2004A8012 /* DetailView.swift in Sources */ = {isa = PBXBuildFile; fileRef = E0F00A1A28DF48D2004A8012 /* DetailView.swift */; };
/* End PBXBuildFile section */

/* Begin PBXContainerItemProxy section */
		E036057728DE38E100647205 /* PBXContainerItemProxy */ = {
			isa = PBXContainerItemProxy;
			containerPortal = E036055E28DE38DE00647205 /* Project object */;
			proxyType = 1;
			remoteGlobalIDString = E036056528DE38DE00647205;
			remoteInfo = Hack0922;
		};
		E036058128DE38E100647205 /* PBXContainerItemProxy */ = {
			isa = PBXContainerItemProxy;
			containerPortal = E036055E28DE38DE00647205 /* Project object */;
			proxyType = 1;
			remoteGlobalIDString = E036056528DE38DE00647205;
			remoteInfo = Hack0922;
		};
/* End PBXContainerItemProxy section */

/* Begin PBXFileReference section */
		E036056628DE38DE00647205 /* Hack0922.app */ = {isa = PBXFileReference; explicitFileType = wrapper.application; includeInIndex = 0; path = Hack0922.app; sourceTree = BUILT_PRODUCTS_DIR; };
		E036056928DE38DE00647205 /* Hack0922App.swift */ = {isa = PBXFileReference; lastKnownFileType = sourcecode.swift; path = Hack0922App.swift; sourceTree = "<group>"; };
		E036056B28DE38DE00647205 /* Oracul.swift */ = {isa = PBXFileReference; lastKnownFileType = sourcecode.swift; path = Oracul.swift; sourceTree = "<group>"; };
		E036056D28DE38E000647205 /* Assets.xcassets */ = {isa = PBXFileReference; lastKnownFileType = folder.assetcatalog; path = Assets.xcassets; sourceTree = "<group>"; };
		E036057028DE38E000647205 /* Preview Assets.xcassets */ = {isa = PBXFileReference; lastKnownFileType = folder.assetcatalog; path = "Preview Assets.xcassets"; sourceTree = "<group>"; };
		E036057628DE38E100647205 /* Hack0922Tests.xctest */ = {isa = PBXFileReference; explicitFileType = wrapper.cfbundle; includeInIndex = 0; path = Hack0922Tests.xctest; sourceTree = BUILT_PRODUCTS_DIR; };
		E036057A28DE38E100647205 /* Hack0922Tests.swift */ = {isa = PBXFileReference; lastKnownFileType = sourcecode.swift; path = Hack0922Tests.swift; sourceTree = "<group>"; };
		E036058028DE38E100647205 /* Hack0922UITests.xctest */ = {isa = PBXFileReference; explicitFileType = wrapper.cfbundle; includeInIndex = 0; path = Hack0922UITests.xctest; sourceTree = BUILT_PRODUCTS_DIR; };
		E036058428DE38E100647205 /* Hack0922UITests.swift */ = {isa = PBXFileReference; lastKnownFileType = sourcecode.swift; path = Hack0922UITests.swift; sourceTree = "<group>"; };
		E036058628DE38E100647205 /* Hack0922UITestsLaunchTests.swift */ = {isa = PBXFileReference; lastKnownFileType = sourcecode.swift; path = Hack0922UITestsLaunchTests.swift; sourceTree = "<group>"; };
		E0565CCD28DE8436002FA274 /* Launchpad.swift */ = {isa = PBXFileReference; lastKnownFileType = sourcecode.swift; path = Launchpad.swift; sourceTree = "<group>"; };
		E0565CCF28DE86C5002FA274 /* ContentView.swift */ = {isa = PBXFileReference; lastKnownFileType = sourcecode.swift; path = ContentView.swift; sourceTree = "<group>"; };
		E0565CD128DF3860002FA274 /* JSONHelpers.swift */ = {isa = PBXFileReference; lastKnownFileType = sourcecode.swift; path = JSONHelpers.swift; sourceTree = "<group>"; };
		E0F00A1A28DF48D2004A8012 /* DetailView.swift */ = {isa = PBXFileReference; lastKnownFileType = sourcecode.swift; path = DetailView.swift; sourceTree = "<group>"; };
/* End PBXFileReference section */

/* Begin PBXFrameworksBuildPhase section */
		E036056328DE38DE00647205 /* Frameworks */ = {
			isa = PBXFrameworksBuildPhase;
			buildActionMask = 2147483647;
			files = (
			);
			runOnlyForDeploymentPostprocessing = 0;
		};
		E036057328DE38E100647205 /* Frameworks */ = {
			isa = PBXFrameworksBuildPhase;
			buildActionMask = 2147483647;
			files = (
			);
			runOnlyForDeploymentPostprocessing = 0;
		};
		E036057D28DE38E100647205 /* Frameworks */ = {
			isa = PBXFrameworksBuildPhase;
			buildActionMask = 2147483647;
			files = (
			);
			runOnlyForDeploymentPostprocessing = 0;
		};
/* End PBXFrameworksBuildPhase section */

/* Begin PBXGroup section */
		E036055D28DE38DE00647205 = {
			isa = PBXGroup;
			children = (
				E036056828DE38DE00647205 /* Hack0922 */,
				E036057928DE38E100647205 /* Hack0922Tests */,
				E036058328DE38E100647205 /* Hack0922UITests */,
				E036056728DE38DE00647205 /* Products */,
			);
			sourceTree = "<group>";
		};
		E036056728DE38DE00647205 /* Products */ = {
			isa = PBXGroup;
			children = (
				E036056628DE38DE00647205 /* Hack0922.app */,
				E036057628DE38E100647205 /* Hack0922Tests.xctest */,
				E036058028DE38E100647205 /* Hack0922UITests.xctest */,
			);
			name = Products;
			sourceTree = "<group>";
		};
		E036056828DE38DE00647205 /* Hack0922 */ = {
			isa = PBXGroup;
			children = (
				E036056928DE38DE00647205 /* Hack0922App.swift */,
				E0565CCF28DE86C5002FA274 /* ContentView.swift */,
				E036056B28DE38DE00647205 /* Oracul.swift */,
				E0F00A1A28DF48D2004A8012 /* DetailView.swift */,
				E0565CD128DF3860002FA274 /* JSONHelpers.swift */,
				E0565CCD28DE8436002FA274 /* Launchpad.swift */,
				E036056D28DE38E000647205 /* Assets.xcassets */,
				E036056F28DE38E000647205 /* Preview Content */,
			);
			path = Hack0922;
			sourceTree = "<group>";
		};
		E036056F28DE38E000647205 /* Preview Content */ = {
			isa = PBXGroup;
			children = (
				E036057028DE38E000647205 /* Preview Assets.xcassets */,
			);
			path = "Preview Content";
			sourceTree = "<group>";
		};
		E036057928DE38E100647205 /* Hack0922Tests */ = {
			isa = PBXGroup;
			children = (
				E036057A28DE38E100647205 /* Hack0922Tests.swift */,
			);
			path = Hack0922Tests;
			sourceTree = "<group>";
		};
		E036058328DE38E100647205 /* Hack0922UITests */ = {
			isa = PBXGroup;
			children = (
				E036058428DE38E100647205 /* Hack0922UITests.swift */,
				E036058628DE38E100647205 /* Hack0922UITestsLaunchTests.swift */,
			);
			path = Hack0922UITests;
			sourceTree = "<group>";
		};
/* End PBXGroup section */

/* Begin PBXNativeTarget section */
		E036056528DE38DE00647205 /* Hack0922 */ = {
			isa = PBXNativeTarget;
			buildConfigurationList = E036058A28DE38E100647205 /* Build configuration list for PBXNativeTarget "Hack0922" */;
			buildPhases = (
				E036056228DE38DE00647205 /* Sources */,
				E036056328DE38DE00647205 /* Frameworks */,
				E036056428DE38DE00647205 /* Resources */,
			);
			buildRules = (
			);
			dependencies = (
			);
			name = Hack0922;
			packageProductDependencies = (
			);
			productName = Hack0922;
			productReference = E036056628DE38DE00647205 /* Hack0922.app */;
			productType = "com.apple.product-type.application";
		};
		E036057528DE38E100647205 /* Hack0922Tests */ = {
			isa = PBXNativeTarget;
			buildConfigurationList = E036058D28DE38E100647205 /* Build configuration list for PBXNativeTarget "Hack0922Tests" */;
			buildPhases = (
				E036057228DE38E100647205 /* Sources */,
				E036057328DE38E100647205 /* Frameworks */,
				E036057428DE38E100647205 /* Resources */,
			);
			buildRules = (
			);
			dependencies = (
				E036057828DE38E100647205 /* PBXTargetDependency */,
			);
			name = Hack0922Tests;
			productName = Hack0922Tests;
			productReference = E036057628DE38E100647205 /* Hack0922Tests.xctest */;
			productType = "com.apple.product-type.bundle.unit-test";
		};
		E036057F28DE38E100647205 /* Hack0922UITests */ = {
			isa = PBXNativeTarget;
			buildConfigurationList = E036059028DE38E100647205 /* Build configuration list for PBXNativeTarget "Hack0922UITests" */;
			buildPhases = (
				E036057C28DE38E100647205 /* Sources */,
				E036057D28DE38E100647205 /* Frameworks */,
				E036057E28DE38E100647205 /* Resources */,
			);
			buildRules = (
			);
			dependencies = (
				E036058228DE38E100647205 /* PBXTargetDependency */,
			);
			name = Hack0922UITests;
			productName = Hack0922UITests;
			productReference = E036058028DE38E100647205 /* Hack0922UITests.xctest */;
			productType = "com.apple.product-type.bundle.ui-testing";
		};
/* End PBXNativeTarget section */

/* Begin PBXProject section */
		E036055E28DE38DE00647205 /* Project object */ = {
			isa = PBXProject;
			attributes = {
				BuildIndependentTargetsInParallel = 1;
				LastSwiftUpdateCheck = 1400;
				LastUpgradeCheck = 1400;
				TargetAttributes = {
					E036056528DE38DE00647205 = {
						CreatedOnToolsVersion = 14.0;
					};
					E036057528DE38E100647205 = {
						CreatedOnToolsVersion = 14.0;
						TestTargetID = E036056528DE38DE00647205;
					};
					E036057F28DE38E100647205 = {
						CreatedOnToolsVersion = 14.0;
						TestTargetID = E036056528DE38DE00647205;
					};
				};
			};
			buildConfigurationList = E036056128DE38DE00647205 /* Build configuration list for PBXProject "Hack0922" */;
			compatibilityVersion = "Xcode 14.0";
			developmentRegion = en;
			hasScannedForEncodings = 0;
			knownRegions = (
				en,
				Base,
			);
			mainGroup = E036055D28DE38DE00647205;
			packageReferences = (
			);
			productRefGroup = E036056728DE38DE00647205 /* Products */;
			projectDirPath = "";
			projectRoot = "";
			targets = (
				E036056528DE38DE00647205 /* Hack0922 */,
				E036057528DE38E100647205 /* Hack0922Tests */,
				E036057F28DE38E100647205 /* Hack0922UITests */,
			);
		};
/* End PBXProject section */

/* Begin PBXResourcesBuildPhase section */
		E036056428DE38DE00647205 /* Resources */ = {
			isa = PBXResourcesBuildPhase;
			buildActionMask = 2147483647;
			files = (
				E036057128DE38E000647205 /* Preview Assets.xcassets in Resources */,
				E036056E28DE38E000647205 /* Assets.xcassets in Resources */,
			);
			runOnlyForDeploymentPostprocessing = 0;
		};
		E036057428DE38E100647205 /* Resources */ = {
			isa = PBXResourcesBuildPhase;
			buildActionMask = 2147483647;
			files = (
			);
			runOnlyForDeploymentPostprocessing = 0;
		};
		E036057E28DE38E100647205 /* Resources */ = {
			isa = PBXResourcesBuildPhase;
			buildActionMask = 2147483647;
			files = (
			);
			runOnlyForDeploymentPostprocessing = 0;
		};
/* End PBXResourcesBuildPhase section */

/* Begin PBXSourcesBuildPhase section */
		E036056228DE38DE00647205 /* Sources */ = {
			isa = PBXSourcesBuildPhase;
			buildActionMask = 2147483647;
			files = (
				E036056C28DE38DE00647205 /* Oracul.swift in Sources */,
				E0F00A1B28DF48D2004A8012 /* DetailView.swift in Sources */,
				E036056A28DE38DE00647205 /* Hack0922App.swift in Sources */,
				E0565CD028DE86C5002FA274 /* ContentView.swift in Sources */,
				E0565CCE28DE8436002FA274 /* Launchpad.swift in Sources */,
				E0565CD228DF3860002FA274 /* JSONHelpers.swift in Sources */,
			);
			runOnlyForDeploymentPostprocessing = 0;
		};
		E036057228DE38E100647205 /* Sources */ = {
			isa = PBXSourcesBuildPhase;
			buildActionMask = 2147483647;
			files = (
				E036057B28DE38E100647205 /* Hack0922Tests.swift in Sources */,
			);
			runOnlyForDeploymentPostprocessing = 0;
		};
		E036057C28DE38E100647205 /* Sources */ = {
			isa = PBXSourcesBuildPhase;
			buildActionMask = 2147483647;
			files = (
				E036058728DE38E100647205 /* Hack0922UITestsLaunchTests.swift in Sources */,
				E036058528DE38E100647205 /* Hack0922UITests.swift in Sources */,
			);
			runOnlyForDeploymentPostprocessing = 0;
		};
/* End PBXSourcesBuildPhase section */

/* Begin PBXTargetDependency section */
		E036057828DE38E100647205 /* PBXTargetDependency */ = {
			isa = PBXTargetDependency;
			target = E036056528DE38DE00647205 /* Hack0922 */;
			targetProxy = E036057728DE38E100647205 /* PBXContainerItemProxy */;
		};
		E036058228DE38E100647205 /* PBXTargetDependency */ = {
			isa = PBXTargetDependency;
			target = E036056528DE38DE00647205 /* Hack0922 */;
			targetProxy = E036058128DE38E100647205 /* PBXContainerItemProxy */;
		};
/* End PBXTargetDependency section */

/* Begin XCBuildConfiguration section */
		E036058828DE38E100647205 /* Debug */ = {
			isa = XCBuildConfiguration;
			buildSettings = {
				ALWAYS_SEARCH_USER_PATHS = NO;
				CLANG_ANALYZER_NONNULL = YES;
				CLANG_ANALYZER_NUMBER_OBJECT_CONVERSION = YES_AGGRESSIVE;
				CLANG_CXX_LANGUAGE_STANDARD = "gnu++20";
				CLANG_ENABLE_MODULES = YES;
				CLANG_ENABLE_OBJC_ARC = YES;
				CLANG_ENABLE_OBJC_WEAK = YES;
				CLANG_WARN_BLOCK_CAPTURE_AUTORELEASING = YES;
				CLANG_WARN_BOOL_CONVERSION = YES;
				CLANG_WARN_COMMA = YES;
				CLANG_WARN_CONSTANT_CONVERSION = YES;
				CLANG_WARN_DEPRECATED_OBJC_IMPLEMENTATIONS = YES;
				CLANG_WARN_DIRECT_OBJC_ISA_USAGE = YES_ERROR;
				CLANG_WARN_DOCUMENTATION_COMMENTS = YES;
				CLANG_WARN_EMPTY_BODY = YES;
				CLANG_WARN_ENUM_CONVERSION = YES;
				CLANG_WARN_INFINITE_RECURSION = YES;
				CLANG_WARN_INT_CONVERSION = YES;
				CLANG_WARN_NON_LITERAL_NULL_CONVERSION = YES;
				CLANG_WARN_OBJC_IMPLICIT_RETAIN_SELF = YES;
				CLANG_WARN_OBJC_LITERAL_CONVERSION = YES;
				CLANG_WARN_OBJC_ROOT_CLASS = YES_ERROR;
				CLANG_WARN_QUOTED_INCLUDE_IN_FRAMEWORK_HEADER = YES;
				CLANG_WARN_RANGE_LOOP_ANALYSIS = YES;
				CLANG_WARN_STRICT_PROTOTYPES = YES;
				CLANG_WARN_SUSPICIOUS_MOVE = YES;
				CLANG_WARN_UNGUARDED_AVAILABILITY = YES_AGGRESSIVE;
				CLANG_WARN_UNREACHABLE_CODE = YES;
				CLANG_WARN__DUPLICATE_METHOD_MATCH = YES;
				COPY_PHASE_STRIP = NO;
				DEBUG_INFORMATION_FORMAT = dwarf;
				ENABLE_STRICT_OBJC_MSGSEND = YES;
				ENABLE_TESTABILITY = YES;
				GCC_C_LANGUAGE_STANDARD = gnu11;
				GCC_DYNAMIC_NO_PIC = NO;
				GCC_NO_COMMON_BLOCKS = YES;
				GCC_OPTIMIZATION_LEVEL = 0;
				GCC_PREPROCESSOR_DEFINITIONS = (
					"DEBUG=1",
					"$(inherited)",
				);
				GCC_WARN_64_TO_32_BIT_CONVERSION = YES;
				GCC_WARN_ABOUT_RETURN_TYPE = YES_ERROR;
				GCC_WARN_UNDECLARED_SELECTOR = YES;
				GCC_WARN_UNINITIALIZED_AUTOS = YES_AGGRESSIVE;
				GCC_WARN_UNUSED_FUNCTION = YES;
				GCC_WARN_UNUSED_VARIABLE = YES;
				IPHONEOS_DEPLOYMENT_TARGET = 16.0;
				MTL_ENABLE_DEBUG_INFO = INCLUDE_SOURCE;
				MTL_FAST_MATH = YES;
				ONLY_ACTIVE_ARCH = YES;
				SDKROOT = iphoneos;
				SWIFT_ACTIVE_COMPILATION_CONDITIONS = DEBUG;
				SWIFT_OPTIMIZATION_LEVEL = "-Onone";
			};
			name = Debug;
		};
		E036058928DE38E100647205 /* Release */ = {
			isa = XCBuildConfiguration;
			buildSettings = {
				ALWAYS_SEARCH_USER_PATHS = NO;
				CLANG_ANALYZER_NONNULL = YES;
				CLANG_ANALYZER_NUMBER_OBJECT_CONVERSION = YES_AGGRESSIVE;
				CLANG_CXX_LANGUAGE_STANDARD = "gnu++20";
				CLANG_ENABLE_MODULES = YES;
				CLANG_ENABLE_OBJC_ARC = YES;
				CLANG_ENABLE_OBJC_WEAK = YES;
				CLANG_WARN_BLOCK_CAPTURE_AUTORELEASING = YES;
				CLANG_WARN_BOOL_CONVERSION = YES;
				CLANG_WARN_COMMA = YES;
				CLANG_WARN_CONSTANT_CONVERSION = YES;
				CLANG_WARN_DEPRECATED_OBJC_IMPLEMENTATIONS = YES;
				CLANG_WARN_DIRECT_OBJC_ISA_USAGE = YES_ERROR;
				CLANG_WARN_DOCUMENTATION_COMMENTS = YES;
				CLANG_WARN_EMPTY_BODY = YES;
				CLANG_WARN_ENUM_CONVERSION = YES;
				CLANG_WARN_INFINITE_RECURSION = YES;
				CLANG_WARN_INT_CONVERSION = YES;
				CLANG_WARN_NON_LITERAL_NULL_CONVERSION = YES;
				CLANG_WARN_OBJC_IMPLICIT_RETAIN_SELF = YES;
				CLANG_WARN_OBJC_LITERAL_CONVERSION = YES;
				CLANG_WARN_OBJC_ROOT_CLASS = YES_ERROR;
				CLANG_WARN_QUOTED_INCLUDE_IN_FRAMEWORK_HEADER = YES;
				CLANG_WARN_RANGE_LOOP_ANALYSIS = YES;
				CLANG_WARN_STRICT_PROTOTYPES = YES;
				CLANG_WARN_SUSPICIOUS_MOVE = YES;
				CLANG_WARN_UNGUARDED_AVAILABILITY = YES_AGGRESSIVE;
				CLANG_WARN_UNREACHABLE_CODE = YES;
				CLANG_WARN__DUPLICATE_METHOD_MATCH = YES;
				COPY_PHASE_STRIP = NO;
				DEBUG_INFORMATION_FORMAT = "dwarf-with-dsym";
				ENABLE_NS_ASSERTIONS = NO;
				ENABLE_STRICT_OBJC_MSGSEND = YES;
				GCC_C_LANGUAGE_STANDARD = gnu11;
				GCC_NO_COMMON_BLOCKS = YES;
				GCC_WARN_64_TO_32_BIT_CONVERSION = YES;
				GCC_WARN_ABOUT_RETURN_TYPE = YES_ERROR;
				GCC_WARN_UNDECLARED_SELECTOR = YES;
				GCC_WARN_UNINITIALIZED_AUTOS = YES_AGGRESSIVE;
				GCC_WARN_UNUSED_FUNCTION = YES;
				GCC_WARN_UNUSED_VARIABLE = YES;
				IPHONEOS_DEPLOYMENT_TARGET = 16.0;
				MTL_ENABLE_DEBUG_INFO = NO;
				MTL_FAST_MATH = YES;
				SDKROOT = iphoneos;
				SWIFT_COMPILATION_MODE = wholemodule;
				SWIFT_OPTIMIZATION_LEVEL = "-O";
				VALIDATE_PRODUCT = YES;
			};
			name = Release;
		};
		E036058B28DE38E100647205 /* Debug */ = {
			isa = XCBuildConfiguration;
			buildSettings = {
				ASSETCATALOG_COMPILER_APPICON_NAME = AppIcon;
				ASSETCATALOG_COMPILER_GLOBAL_ACCENT_COLOR_NAME = AccentColor;
				CODE_SIGN_STYLE = Automatic;
				CURRENT_PROJECT_VERSION = 1;
				DEVELOPMENT_ASSET_PATHS = "\"Hack0922/Preview Content\"";
				DEVELOPMENT_TEAM = K52EJNPD2V;
				ENABLE_PREVIEWS = YES;
				GENERATE_INFOPLIST_FILE = YES;
				INFOPLIST_KEY_UIApplicationSceneManifest_Generation = YES;
				INFOPLIST_KEY_UIApplicationSupportsIndirectInputEvents = YES;
				INFOPLIST_KEY_UILaunchScreen_Generation = YES;
				INFOPLIST_KEY_UISupportedInterfaceOrientations_iPad = "UIInterfaceOrientationPortrait UIInterfaceOrientationPortraitUpsideDown UIInterfaceOrientationLandscapeLeft UIInterfaceOrientationLandscapeRight";
				INFOPLIST_KEY_UISupportedInterfaceOrientations_iPhone = "UIInterfaceOrientationPortrait UIInterfaceOrientationLandscapeLeft UIInterfaceOrientationLandscapeRight";
				IPHONEOS_DEPLOYMENT_TARGET = 16.0;
				LD_RUNPATH_SEARCH_PATHS = (
					"$(inherited)",
					"@executable_path/Frameworks",
				);
				MARKETING_VERSION = 1.0;
				PRODUCT_BUNDLE_IDENTIFIER = "com.t-software.Hack0922";
				PRODUCT_NAME = "$(TARGET_NAME)";
				SWIFT_EMIT_LOC_STRINGS = YES;
				SWIFT_VERSION = 5.0;
				TARGETED_DEVICE_FAMILY = "1,2";
			};
			name = Debug;
		};
		E036058C28DE38E100647205 /* Release */ = {
			isa = XCBuildConfiguration;
			buildSettings = {
				ASSETCATALOG_COMPILER_APPICON_NAME = AppIcon;
				ASSETCATALOG_COMPILER_GLOBAL_ACCENT_COLOR_NAME = AccentColor;
				CODE_SIGN_STYLE = Automatic;
				CURRENT_PROJECT_VERSION = 1;
				DEVELOPMENT_ASSET_PATHS = "\"Hack0922/Preview Content\"";
				DEVELOPMENT_TEAM = K52EJNPD2V;
				ENABLE_PREVIEWS = YES;
				GENERATE_INFOPLIST_FILE = YES;
				INFOPLIST_KEY_UIApplicationSceneManifest_Generation = YES;
				INFOPLIST_KEY_UIApplicationSupportsIndirectInputEvents = YES;
				INFOPLIST_KEY_UILaunchScreen_Generation = YES;
				INFOPLIST_KEY_UISupportedInterfaceOrientations_iPad = "UIInterfaceOrientationPortrait UIInterfaceOrientationPortraitUpsideDown UIInterfaceOrientationLandscapeLeft UIInterfaceOrientationLandscapeRight";
				INFOPLIST_KEY_UISupportedInterfaceOrientations_iPhone = "UIInterfaceOrientationPortrait UIInterfaceOrientationLandscapeLeft UIInterfaceOrientationLandscapeRight";
				IPHONEOS_DEPLOYMENT_TARGET = 16.0;
				LD_RUNPATH_SEARCH_PATHS = (
					"$(inherited)",
					"@executable_path/Frameworks",
				);
				MARKETING_VERSION = 1.0;
				PRODUCT_BUNDLE_IDENTIFIER = "com.t-software.Hack0922";
				PRODUCT_NAME = "$(TARGET_NAME)";
				SWIFT_EMIT_LOC_STRINGS = YES;
				SWIFT_VERSION = 5.0;
				TARGETED_DEVICE_FAMILY = "1,2";
			};
			name = Release;
		};
		E036058E28DE38E100647205 /* Debug */ = {
			isa = XCBuildConfiguration;
			buildSettings = {
				ALWAYS_EMBED_SWIFT_STANDARD_LIBRARIES = YES;
				BUNDLE_LOADER = "$(TEST_HOST)";
				CODE_SIGN_STYLE = Automatic;
				CURRENT_PROJECT_VERSION = 1;
				DEVELOPMENT_TEAM = K52EJNPD2V;
				GENERATE_INFOPLIST_FILE = YES;
				IPHONEOS_DEPLOYMENT_TARGET = 16.0;
				MARKETING_VERSION = 1.0;
				PRODUCT_BUNDLE_IDENTIFIER = "com.t-software.Hack0922Tests";
				PRODUCT_NAME = "$(TARGET_NAME)";
				SWIFT_EMIT_LOC_STRINGS = NO;
				SWIFT_VERSION = 5.0;
				TARGETED_DEVICE_FAMILY = "1,2";
				TEST_HOST = "$(BUILT_PRODUCTS_DIR)/Hack0922.app/$(BUNDLE_EXECUTABLE_FOLDER_PATH)/Hack0922";
			};
			name = Debug;
		};
		E036058F28DE38E100647205 /* Release */ = {
			isa = XCBuildConfiguration;
			buildSettings = {
				ALWAYS_EMBED_SWIFT_STANDARD_LIBRARIES = YES;
				BUNDLE_LOADER = "$(TEST_HOST)";
				CODE_SIGN_STYLE = Automatic;
				CURRENT_PROJECT_VERSION = 1;
				DEVELOPMENT_TEAM = K52EJNPD2V;
				GENERATE_INFOPLIST_FILE = YES;
				IPHONEOS_DEPLOYMENT_TARGET = 16.0;
				MARKETING_VERSION = 1.0;
				PRODUCT_BUNDLE_IDENTIFIER = "com.t-software.Hack0922Tests";
				PRODUCT_NAME = "$(TARGET_NAME)";
				SWIFT_EMIT_LOC_STRINGS = NO;
				SWIFT_VERSION = 5.0;
				TARGETED_DEVICE_FAMILY = "1,2";
				TEST_HOST = "$(BUILT_PRODUCTS_DIR)/Hack0922.app/$(BUNDLE_EXECUTABLE_FOLDER_PATH)/Hack0922";
			};
			name = Release;
		};
		E036059128DE38E100647205 /* Debug */ = {
			isa = XCBuildConfiguration;
			buildSettings = {
				ALWAYS_EMBED_SWIFT_STANDARD_LIBRARIES = YES;
				CODE_SIGN_STYLE = Automatic;
				CURRENT_PROJECT_VERSION = 1;
				DEVELOPMENT_TEAM = K52EJNPD2V;
				GENERATE_INFOPLIST_FILE = YES;
				MARKETING_VERSION = 1.0;
				PRODUCT_BUNDLE_IDENTIFIER = "com.t-software.Hack0922UITests";
				PRODUCT_NAME = "$(TARGET_NAME)";
				SWIFT_EMIT_LOC_STRINGS = NO;
				SWIFT_VERSION = 5.0;
				TARGETED_DEVICE_FAMILY = "1,2";
				TEST_TARGET_NAME = Hack0922;
			};
			name = Debug;
		};
		E036059228DE38E100647205 /* Release */ = {
			isa = XCBuildConfiguration;
			buildSettings = {
				ALWAYS_EMBED_SWIFT_STANDARD_LIBRARIES = YES;
				CODE_SIGN_STYLE = Automatic;
				CURRENT_PROJECT_VERSION = 1;
				DEVELOPMENT_TEAM = K52EJNPD2V;
				GENERATE_INFOPLIST_FILE = YES;
				MARKETING_VERSION = 1.0;
				PRODUCT_BUNDLE_IDENTIFIER = "com.t-software.Hack0922UITests";
				PRODUCT_NAME = "$(TARGET_NAME)";
				SWIFT_EMIT_LOC_STRINGS = NO;
				SWIFT_VERSION = 5.0;
				TARGETED_DEVICE_FAMILY = "1,2";
				TEST_TARGET_NAME = Hack0922;
			};
			name = Release;
		};
/* End XCBuildConfiguration section */

/* Begin XCConfigurationList section */
		E036056128DE38DE00647205 /* Build configuration list for PBXProject "Hack0922" */ = {
			isa = XCConfigurationList;
			buildConfigurations = (
				E036058828DE38E100647205 /* Debug */,
				E036058928DE38E100647205 /* Release */,
			);
			defaultConfigurationIsVisible = 0;
			defaultConfigurationName = Release;
		};
		E036058A28DE38E100647205 /* Build configuration list for PBXNativeTarget "Hack0922" */ = {
			isa = XCConfigurationList;
			buildConfigurations = (
				E036058B28DE38E100647205 /* Debug */,
				E036058C28DE38E100647205 /* Release */,
			);
			defaultConfigurationIsVisible = 0;
			defaultConfigurationName = Release;
		};
		E036058D28DE38E100647205 /* Build configuration list for PBXNativeTarget "Hack0922Tests" */ = {
			isa = XCConfigurationList;
			buildConfigurations = (
				E036058E28DE38E100647205 /* Debug */,
				E036058F28DE38E100647205 /* Release */,
			);
			defaultConfigurationIsVisible = 0;
			defaultConfigurationName = Release;
		};
		E036059028DE38E100647205 /* Build configuration list for PBXNativeTarget "Hack0922UITests" */ = {
			isa = XCConfigurationList;
			buildConfigurations = (
				E036059128DE38E100647205 /* Debug */,
				E036059228DE38E100647205 /* Release */,
			);
			defaultConfigurationIsVisible = 0;
			defaultConfigurationName = Release;
		};
/* End XCConfigurationList section */
	};
	rootObject = E036055E28DE38DE00647205 /* Project object */;
}
